{
    "_readme": [
        "This file locks the dependencies of your project to a known state",
        "Read more about it at https://getcomposer.org/doc/01-basic-usage.md#installing-dependencies",
        "This file is @generated automatically"
    ],
    "content-hash": "f4c09c08d772b37bac393f99ce083061",
    "packages": [
        {
            "name": "robrichards/xmlseclibs",
            "version": "3.1.1",
            "source": {
                "type": "git",
                "url": "https://github.com/robrichards/xmlseclibs.git",
                "reference": "f8f19e58f26cdb42c54b214ff8a820760292f8df"
            },
            "dist": {
                "type": "zip",
                "url": "https://api.github.com/repos/robrichards/xmlseclibs/zipball/f8f19e58f26cdb42c54b214ff8a820760292f8df",
                "reference": "f8f19e58f26cdb42c54b214ff8a820760292f8df",
                "shasum": ""
            },
            "require": {
                "ext-openssl": "*",
                "php": ">= 5.4"
            },
            "type": "library",
            "autoload": {
                "psr-4": {
                    "RobRichards\\XMLSecLibs\\": "src"
                }
            },
            "notification-url": "https://packagist.org/downloads/",
            "license": [
                "BSD-3-Clause"
            ],
            "description": "A PHP library for XML Security",
            "homepage": "https://github.com/robrichards/xmlseclibs",
            "keywords": [
                "security",
                "signature",
                "xml",
                "xmldsig"
            ],
            "support": {
                "issues": "https://github.com/robrichards/xmlseclibs/issues",
                "source": "https://github.com/robrichards/xmlseclibs/tree/3.1.1"
            },
            "time": "2020-09-05T13:00:25+00:00"
        }
    ],
    "packages-dev": [],
    "aliases": [],
    "minimum-stability": "stable",
    "stability-flags": [],
    "prefer-stable": false,
    "prefer-lowest": false,
    "platform": [],
    "platform-dev": [],
    "plugin-api-version": "2.2.0"
}
